// !$*UTF8*$!
{
	archiveVersion = 1;
	classes = {
	};
	objectVersion = 55;
	objects = {

/* Begin PBXBuildFile section */
		5972866E28BCD29B004B721E /* AppDelegate.swift in Sources */ = {isa = PBXBuildFile; fileRef = 5972866D28BCD29B004B721E /* AppDelegate.swift */; };
		5972867028BCD29B004B721E /* SceneDelegate.swift in Sources */ = {isa = PBXBuildFile; fileRef = 5972866F28BCD29B004B721E /* SceneDelegate.swift */; };
		5972867528BCD29B004B721E /* Main.storyboard in Resources */ = {isa = PBXBuildFile; fileRef = 5972867328BCD29B004B721E /* Main.storyboard */; };
		5972867728BCD29D004B721E /* Assets.xcassets in Resources */ = {isa = PBXBuildFile; fileRef = 5972867628BCD29D004B721E /* Assets.xcassets */; };
		5972867A28BCD29D004B721E /* LaunchScreen.storyboard in Resources */ = {isa = PBXBuildFile; fileRef = 5972867828BCD29D004B721E /* LaunchScreen.storyboard */; };
		5972868528BCD29D004B721E /* NanameueTests.swift in Sources */ = {isa = PBXBuildFile; fileRef = 5972868428BCD29D004B721E /* NanameueTests.swift */; };
		597F127D28C1300300379B95 /* PostProvider.swift in Sources */ = {isa = PBXBuildFile; fileRef = 597F127C28C1300300379B95 /* PostProvider.swift */; };
		597F127F28C1306000379B95 /* Post.swift in Sources */ = {isa = PBXBuildFile; fileRef = 597F127E28C1306000379B95 /* Post.swift */; };
		597F128128C130A600379B95 /* PostProviderController.swift in Sources */ = {isa = PBXBuildFile; fileRef = 597F128028C130A600379B95 /* PostProviderController.swift */; };
		5990376D28BD465A000D1667 /* swiftlint.yml in Resources */ = {isa = PBXBuildFile; fileRef = 5990376C28BD465A000D1667 /* swiftlint.yml */; };
		5991CBDE28C265C300CFA211 /* GoogleService-Info.plist in Resources */ = {isa = PBXBuildFile; fileRef = 5991CBDD28C265C300CFA211 /* GoogleService-Info.plist */; };
		5991CBE228C2934400CFA211 /* CreatePostViewController.swift in Sources */ = {isa = PBXBuildFile; fileRef = 5991CBE028C2934400CFA211 /* CreatePostViewController.swift */; };
		5991CBE328C2934400CFA211 /* CreatePostViewController.xib in Resources */ = {isa = PBXBuildFile; fileRef = 5991CBE128C2934400CFA211 /* CreatePostViewController.xib */; };
		5991CBE628C34B9000CFA211 /* CreatePostViewControllerTests.swift in Sources */ = {isa = PBXBuildFile; fileRef = 5991CBE528C34B9000CFA211 /* CreatePostViewControllerTests.swift */; };
		5991CBE828C3749900CFA211 /* ViewController+extension.swift in Sources */ = {isa = PBXBuildFile; fileRef = 5991CBE728C3749900CFA211 /* ViewController+extension.swift */; };
		5991CBEE28C48F8E00CFA211 /* PostProviderMock.swift in Sources */ = {isa = PBXBuildFile; fileRef = 5991CBED28C48F8E00CFA211 /* PostProviderMock.swift */; };
		5991CBF428C4989F00CFA211 /* PostTableViewCell.swift in Sources */ = {isa = PBXBuildFile; fileRef = 5991CBF228C4989F00CFA211 /* PostTableViewCell.swift */; };
		5991CBF528C4989F00CFA211 /* PostTableViewCell.xib in Resources */ = {isa = PBXBuildFile; fileRef = 5991CBF328C4989F00CFA211 /* PostTableViewCell.xib */; };
		5991CBF728C49F2C00CFA211 /* IdentifiableCell.swift in Sources */ = {isa = PBXBuildFile; fileRef = 5991CBF628C49F2C00CFA211 /* IdentifiableCell.swift */; };
		59975B8C28BFE26D00773388 /* User.swift in Sources */ = {isa = PBXBuildFile; fileRef = 59975B8B28BFE26D00773388 /* User.swift */; };
		59975B8E28BFE3EF00773388 /* CustomError.swift in Sources */ = {isa = PBXBuildFile; fileRef = 59975B8D28BFE3EF00773388 /* CustomError.swift */; };
		59975B9228BFE86700773388 /* FeedViewController.swift in Sources */ = {isa = PBXBuildFile; fileRef = 59975B9028BFE86700773388 /* FeedViewController.swift */; };
		59975B9328BFE86700773388 /* FeedViewController.xib in Resources */ = {isa = PBXBuildFile; fileRef = 59975B9128BFE86700773388 /* FeedViewController.xib */; };
		59975B9628BFF4CD00773388 /* FeedViewControllerTest.swift in Sources */ = {isa = PBXBuildFile; fileRef = 59975B9528BFF4CD00773388 /* FeedViewControllerTest.swift */; };
		59E3A1BD28BE848C00EF4F20 /* LoginViewController.swift in Sources */ = {isa = PBXBuildFile; fileRef = 59E3A1BB28BE848C00EF4F20 /* LoginViewController.swift */; };
		59E3A1BE28BE848C00EF4F20 /* LoginViewController.xib in Resources */ = {isa = PBXBuildFile; fileRef = 59E3A1BC28BE848C00EF4F20 /* LoginViewController.xib */; };
		59E3A1C528BE87BF00EF4F20 /* Localizable.strings in Resources */ = {isa = PBXBuildFile; fileRef = 59E3A1C428BE87BF00EF4F20 /* Localizable.strings */; };
		59E3A1C928BE88EB00EF4F20 /* String+extensions.swift in Sources */ = {isa = PBXBuildFile; fileRef = 59E3A1C828BE88EB00EF4F20 /* String+extensions.swift */; };
		59E3A1CC28BE8B3900EF4F20 /* LoginViewControllerTests.swift in Sources */ = {isa = PBXBuildFile; fileRef = 59E3A1CB28BE8B3900EF4F20 /* LoginViewControllerTests.swift */; };
		59E3A1CF28BE939200EF4F20 /* String+extensionsTests.swift in Sources */ = {isa = PBXBuildFile; fileRef = 59E3A1CE28BE939200EF4F20 /* String+extensionsTests.swift */; };
		59E3A1D228BE995F00EF4F20 /* LoginProvider.swift in Sources */ = {isa = PBXBuildFile; fileRef = 59E3A1D128BE995F00EF4F20 /* LoginProvider.swift */; };
		59E3A1D428BE99BE00EF4F20 /* LoginProviderController.swift in Sources */ = {isa = PBXBuildFile; fileRef = 59E3A1D328BE99BE00EF4F20 /* LoginProviderController.swift */; };
		59E3A1D628BE9FFE00EF4F20 /* ShakableTextField.swift in Sources */ = {isa = PBXBuildFile; fileRef = 59E3A1D528BE9FFE00EF4F20 /* ShakableTextField.swift */; };
		59E3A1D928BEA84600EF4F20 /* LoginProviderMock.swift in Sources */ = {isa = PBXBuildFile; fileRef = 59E3A1D828BEA84600EF4F20 /* LoginProviderMock.swift */; };
		59E3A1DC28BEAD1A00EF4F20 /* ViewProvider.swift in Sources */ = {isa = PBXBuildFile; fileRef = 59E3A1DB28BEAD1A00EF4F20 /* ViewProvider.swift */; };
		59E3A1DE28BEAE7D00EF4F20 /* ViewProviderTests.swift in Sources */ = {isa = PBXBuildFile; fileRef = 59E3A1DD28BEAE7D00EF4F20 /* ViewProviderTests.swift */; };
		59E3A1E128BEB13900EF4F20 /* CreateAccountViewController.swift in Sources */ = {isa = PBXBuildFile; fileRef = 59E3A1DF28BEB13900EF4F20 /* CreateAccountViewController.swift */; };
		59E3A1E228BEB13900EF4F20 /* CreateAccountViewController.xib in Resources */ = {isa = PBXBuildFile; fileRef = 59E3A1E028BEB13900EF4F20 /* CreateAccountViewController.xib */; };
		59E3A1E428BEB62100EF4F20 /* CreateAccountViewControllerTests.swift in Sources */ = {isa = PBXBuildFile; fileRef = 59E3A1E328BEB62100EF4F20 /* CreateAccountViewControllerTests.swift */; };
		59FAFFD028C4AE41002AC5D7 /* TableViewControllerTest.swift in Sources */ = {isa = PBXBuildFile; fileRef = 59FAFFCF28C4AE41002AC5D7 /* TableViewControllerTest.swift */; };
		59FAFFD228C4AE94002AC5D7 /* PostTableViewCellTests.swift in Sources */ = {isa = PBXBuildFile; fileRef = 59FAFFD128C4AE94002AC5D7 /* PostTableViewCellTests.swift */; };
		59FAFFD828C4BAF4002AC5D7 /* ErrorViewController.swift in Sources */ = {isa = PBXBuildFile; fileRef = 59FAFFD628C4BAF4002AC5D7 /* ErrorViewController.swift */; };
		59FAFFD928C4BAF4002AC5D7 /* ErrorViewController.xib in Resources */ = {isa = PBXBuildFile; fileRef = 59FAFFD728C4BAF4002AC5D7 /* ErrorViewController.xib */; };
		59FAFFDB28C4BD05002AC5D7 /* ErrorManager.swift in Sources */ = {isa = PBXBuildFile; fileRef = 59FAFFDA28C4BD05002AC5D7 /* ErrorManager.swift */; };
		59FAFFDD28C4BE64002AC5D7 /* Notifications+Extensions.swift in Sources */ = {isa = PBXBuildFile; fileRef = 59FAFFDC28C4BE64002AC5D7 /* Notifications+Extensions.swift */; };
		59FAFFE028C4C7C7002AC5D7 /* ErrorViewControllerTest.swift in Sources */ = {isa = PBXBuildFile; fileRef = 59FAFFDF28C4C7C7002AC5D7 /* ErrorViewControllerTest.swift */; };
		59FAFFE328C4CB45002AC5D7 /* Assets.swift in Sources */ = {isa = PBXBuildFile; fileRef = 59FAFFE228C4CB45002AC5D7 /* Assets.swift */; };
		59FAFFE728C4F41E002AC5D7 /* UIAnimatedButton.swift in Sources */ = {isa = PBXBuildFile; fileRef = 59FAFFE628C4F41E002AC5D7 /* UIAnimatedButton.swift */; };
		A3F49BBAC4C89A6BE72DC519 /* Pods_Nanameue.framework in Frameworks */ = {isa = PBXBuildFile; fileRef = 017C7C68E0CC5A1447EE1515 /* Pods_Nanameue.framework */; };
		E2825674AD417AC16C4544F3 /* Pods_NanameueTests.framework in Frameworks */ = {isa = PBXBuildFile; fileRef = A31094F3F9131696A0B0C30C /* Pods_NanameueTests.framework */; };
/* End PBXBuildFile section */

/* Begin PBXContainerItemProxy section */
		5972868128BCD29D004B721E /* PBXContainerItemProxy */ = {
			isa = PBXContainerItemProxy;
			containerPortal = 5972866228BCD29B004B721E /* Project object */;
			proxyType = 1;
			remoteGlobalIDString = 5972866928BCD29B004B721E;
			remoteInfo = Nanameue;
		};
/* End PBXContainerItemProxy section */

/* Begin PBXFileReference section */
		017C7C68E0CC5A1447EE1515 /* Pods_Nanameue.framework */ = {isa = PBXFileReference; explicitFileType = wrapper.framework; includeInIndex = 0; path = Pods_Nanameue.framework; sourceTree = BUILT_PRODUCTS_DIR; };
		4C7A754705931A62E0C5B278 /* Pods-Nanameue.debug.xcconfig */ = {isa = PBXFileReference; includeInIndex = 1; lastKnownFileType = text.xcconfig; name = "Pods-Nanameue.debug.xcconfig"; path = "Target Support Files/Pods-Nanameue/Pods-Nanameue.debug.xcconfig"; sourceTree = "<group>"; };
		5972866A28BCD29B004B721E /* Nanameue.app */ = {isa = PBXFileReference; explicitFileType = wrapper.application; includeInIndex = 0; path = Nanameue.app; sourceTree = BUILT_PRODUCTS_DIR; };
		5972866D28BCD29B004B721E /* AppDelegate.swift */ = {isa = PBXFileReference; lastKnownFileType = sourcecode.swift; path = AppDelegate.swift; sourceTree = "<group>"; };
		5972866F28BCD29B004B721E /* SceneDelegate.swift */ = {isa = PBXFileReference; lastKnownFileType = sourcecode.swift; path = SceneDelegate.swift; sourceTree = "<group>"; };
		5972867428BCD29B004B721E /* Base */ = {isa = PBXFileReference; lastKnownFileType = file.storyboard; name = Base; path = Base.lproj/Main.storyboard; sourceTree = "<group>"; };
		5972867628BCD29D004B721E /* Assets.xcassets */ = {isa = PBXFileReference; lastKnownFileType = folder.assetcatalog; path = Assets.xcassets; sourceTree = "<group>"; };
		5972867928BCD29D004B721E /* Base */ = {isa = PBXFileReference; lastKnownFileType = file.storyboard; name = Base; path = Base.lproj/LaunchScreen.storyboard; sourceTree = "<group>"; };
		5972867B28BCD29D004B721E /* Info.plist */ = {isa = PBXFileReference; lastKnownFileType = text.plist.xml; path = Info.plist; sourceTree = "<group>"; };
		5972868028BCD29D004B721E /* NanameueTests.xctest */ = {isa = PBXFileReference; explicitFileType = wrapper.cfbundle; includeInIndex = 0; path = NanameueTests.xctest; sourceTree = BUILT_PRODUCTS_DIR; };
		5972868428BCD29D004B721E /* NanameueTests.swift */ = {isa = PBXFileReference; lastKnownFileType = sourcecode.swift; path = NanameueTests.swift; sourceTree = "<group>"; };
		597F127C28C1300300379B95 /* PostProvider.swift */ = {isa = PBXFileReference; lastKnownFileType = sourcecode.swift; path = PostProvider.swift; sourceTree = "<group>"; };
		597F127E28C1306000379B95 /* Post.swift */ = {isa = PBXFileReference; lastKnownFileType = sourcecode.swift; path = Post.swift; sourceTree = "<group>"; };
		597F128028C130A600379B95 /* PostProviderController.swift */ = {isa = PBXFileReference; lastKnownFileType = sourcecode.swift; path = PostProviderController.swift; sourceTree = "<group>"; };
		5990376C28BD465A000D1667 /* swiftlint.yml */ = {isa = PBXFileReference; lastKnownFileType = text.yaml; path = swiftlint.yml; sourceTree = "<group>"; };
		5991CBDD28C265C300CFA211 /* GoogleService-Info.plist */ = {isa = PBXFileReference; fileEncoding = 4; lastKnownFileType = text.plist.xml; path = "GoogleService-Info.plist"; sourceTree = "<group>"; };
		5991CBE028C2934400CFA211 /* CreatePostViewController.swift */ = {isa = PBXFileReference; lastKnownFileType = sourcecode.swift; path = CreatePostViewController.swift; sourceTree = "<group>"; };
		5991CBE128C2934400CFA211 /* CreatePostViewController.xib */ = {isa = PBXFileReference; lastKnownFileType = file.xib; path = CreatePostViewController.xib; sourceTree = "<group>"; };
		5991CBE528C34B9000CFA211 /* CreatePostViewControllerTests.swift */ = {isa = PBXFileReference; lastKnownFileType = sourcecode.swift; path = CreatePostViewControllerTests.swift; sourceTree = "<group>"; };
		5991CBE728C3749900CFA211 /* ViewController+extension.swift */ = {isa = PBXFileReference; lastKnownFileType = sourcecode.swift; path = "ViewController+extension.swift"; sourceTree = "<group>"; };
		5991CBED28C48F8E00CFA211 /* PostProviderMock.swift */ = {isa = PBXFileReference; lastKnownFileType = sourcecode.swift; path = PostProviderMock.swift; sourceTree = "<group>"; };
		5991CBF228C4989F00CFA211 /* PostTableViewCell.swift */ = {isa = PBXFileReference; lastKnownFileType = sourcecode.swift; path = PostTableViewCell.swift; sourceTree = "<group>"; };
		5991CBF328C4989F00CFA211 /* PostTableViewCell.xib */ = {isa = PBXFileReference; lastKnownFileType = file.xib; path = PostTableViewCell.xib; sourceTree = "<group>"; };
		5991CBF628C49F2C00CFA211 /* IdentifiableCell.swift */ = {isa = PBXFileReference; lastKnownFileType = sourcecode.swift; path = IdentifiableCell.swift; sourceTree = "<group>"; };
		59975B8B28BFE26D00773388 /* User.swift */ = {isa = PBXFileReference; lastKnownFileType = sourcecode.swift; path = User.swift; sourceTree = "<group>"; };
		59975B8D28BFE3EF00773388 /* CustomError.swift */ = {isa = PBXFileReference; lastKnownFileType = sourcecode.swift; path = CustomError.swift; sourceTree = "<group>"; };
		59975B9028BFE86700773388 /* FeedViewController.swift */ = {isa = PBXFileReference; lastKnownFileType = sourcecode.swift; path = FeedViewController.swift; sourceTree = "<group>"; };
		59975B9128BFE86700773388 /* FeedViewController.xib */ = {isa = PBXFileReference; lastKnownFileType = file.xib; path = FeedViewController.xib; sourceTree = "<group>"; };
		59975B9528BFF4CD00773388 /* FeedViewControllerTest.swift */ = {isa = PBXFileReference; lastKnownFileType = sourcecode.swift; path = FeedViewControllerTest.swift; sourceTree = "<group>"; };
		59E3A1BB28BE848C00EF4F20 /* LoginViewController.swift */ = {isa = PBXFileReference; lastKnownFileType = sourcecode.swift; path = LoginViewController.swift; sourceTree = "<group>"; };
		59E3A1BC28BE848C00EF4F20 /* LoginViewController.xib */ = {isa = PBXFileReference; lastKnownFileType = file.xib; path = LoginViewController.xib; sourceTree = "<group>"; };
		59E3A1C428BE87BF00EF4F20 /* Localizable.strings */ = {isa = PBXFileReference; lastKnownFileType = text.plist.strings; path = Localizable.strings; sourceTree = "<group>"; };
		59E3A1C628BE87E500EF4F20 /* en-GB */ = {isa = PBXFileReference; lastKnownFileType = text.plist.strings; name = "en-GB"; path = "en-GB.lproj/Main.strings"; sourceTree = "<group>"; };
		59E3A1C728BE87E600EF4F20 /* en-GB */ = {isa = PBXFileReference; lastKnownFileType = text.plist.strings; name = "en-GB"; path = "en-GB.lproj/LaunchScreen.strings"; sourceTree = "<group>"; };
		59E3A1C828BE88EB00EF4F20 /* String+extensions.swift */ = {isa = PBXFileReference; lastKnownFileType = sourcecode.swift; path = "String+extensions.swift"; sourceTree = "<group>"; };
		59E3A1CB28BE8B3900EF4F20 /* LoginViewControllerTests.swift */ = {isa = PBXFileReference; lastKnownFileType = sourcecode.swift; path = LoginViewControllerTests.swift; sourceTree = "<group>"; };
		59E3A1CE28BE939200EF4F20 /* String+extensionsTests.swift */ = {isa = PBXFileReference; lastKnownFileType = sourcecode.swift; path = "String+extensionsTests.swift"; sourceTree = "<group>"; };
		59E3A1D128BE995F00EF4F20 /* LoginProvider.swift */ = {isa = PBXFileReference; lastKnownFileType = sourcecode.swift; path = LoginProvider.swift; sourceTree = "<group>"; };
		59E3A1D328BE99BE00EF4F20 /* LoginProviderController.swift */ = {isa = PBXFileReference; lastKnownFileType = sourcecode.swift; path = LoginProviderController.swift; sourceTree = "<group>"; };
		59E3A1D528BE9FFE00EF4F20 /* ShakableTextField.swift */ = {isa = PBXFileReference; lastKnownFileType = sourcecode.swift; path = ShakableTextField.swift; sourceTree = "<group>"; };
		59E3A1D828BEA84600EF4F20 /* LoginProviderMock.swift */ = {isa = PBXFileReference; lastKnownFileType = sourcecode.swift; path = LoginProviderMock.swift; sourceTree = "<group>"; };
		59E3A1DB28BEAD1A00EF4F20 /* ViewProvider.swift */ = {isa = PBXFileReference; lastKnownFileType = sourcecode.swift; path = ViewProvider.swift; sourceTree = "<group>"; };
		59E3A1DD28BEAE7D00EF4F20 /* ViewProviderTests.swift */ = {isa = PBXFileReference; lastKnownFileType = sourcecode.swift; path = ViewProviderTests.swift; sourceTree = "<group>"; };
		59E3A1DF28BEB13900EF4F20 /* CreateAccountViewController.swift */ = {isa = PBXFileReference; lastKnownFileType = sourcecode.swift; path = CreateAccountViewController.swift; sourceTree = "<group>"; };
		59E3A1E028BEB13900EF4F20 /* CreateAccountViewController.xib */ = {isa = PBXFileReference; lastKnownFileType = file.xib; path = CreateAccountViewController.xib; sourceTree = "<group>"; };
		59E3A1E328BEB62100EF4F20 /* CreateAccountViewControllerTests.swift */ = {isa = PBXFileReference; lastKnownFileType = sourcecode.swift; path = CreateAccountViewControllerTests.swift; sourceTree = "<group>"; };
		59FAFFCF28C4AE41002AC5D7 /* TableViewControllerTest.swift */ = {isa = PBXFileReference; lastKnownFileType = sourcecode.swift; path = TableViewControllerTest.swift; sourceTree = "<group>"; };
		59FAFFD128C4AE94002AC5D7 /* PostTableViewCellTests.swift */ = {isa = PBXFileReference; lastKnownFileType = sourcecode.swift; path = PostTableViewCellTests.swift; sourceTree = "<group>"; };
		59FAFFD628C4BAF4002AC5D7 /* ErrorViewController.swift */ = {isa = PBXFileReference; lastKnownFileType = sourcecode.swift; path = ErrorViewController.swift; sourceTree = "<group>"; };
		59FAFFD728C4BAF4002AC5D7 /* ErrorViewController.xib */ = {isa = PBXFileReference; lastKnownFileType = file.xib; path = ErrorViewController.xib; sourceTree = "<group>"; };
		59FAFFDA28C4BD05002AC5D7 /* ErrorManager.swift */ = {isa = PBXFileReference; lastKnownFileType = sourcecode.swift; path = ErrorManager.swift; sourceTree = "<group>"; };
		59FAFFDC28C4BE64002AC5D7 /* Notifications+Extensions.swift */ = {isa = PBXFileReference; lastKnownFileType = sourcecode.swift; path = "Notifications+Extensions.swift"; sourceTree = "<group>"; };
		59FAFFDF28C4C7C7002AC5D7 /* ErrorViewControllerTest.swift */ = {isa = PBXFileReference; lastKnownFileType = sourcecode.swift; path = ErrorViewControllerTest.swift; sourceTree = "<group>"; };
		59FAFFE228C4CB45002AC5D7 /* Assets.swift */ = {isa = PBXFileReference; lastKnownFileType = sourcecode.swift; path = Assets.swift; sourceTree = "<group>"; };
		59FAFFE628C4F41E002AC5D7 /* UIAnimatedButton.swift */ = {isa = PBXFileReference; lastKnownFileType = sourcecode.swift; name = UIAnimatedButton.swift; path = ../../../../../../Users/keuha/Desktop/UIAnimatedButton.swift; sourceTree = "<group>"; };
		7189B058481754EEBAC7C9C3 /* Pods-Nanameue.release.xcconfig */ = {isa = PBXFileReference; includeInIndex = 1; lastKnownFileType = text.xcconfig; name = "Pods-Nanameue.release.xcconfig"; path = "Target Support Files/Pods-Nanameue/Pods-Nanameue.release.xcconfig"; sourceTree = "<group>"; };
		742BFB4B953A63EE32BA9CCF /* Pods-NanameueTests.release.xcconfig */ = {isa = PBXFileReference; includeInIndex = 1; lastKnownFileType = text.xcconfig; name = "Pods-NanameueTests.release.xcconfig"; path = "Target Support Files/Pods-NanameueTests/Pods-NanameueTests.release.xcconfig"; sourceTree = "<group>"; };
		965804952C0FE73B158FE220 /* Pods-NanameueTests.debug.xcconfig */ = {isa = PBXFileReference; includeInIndex = 1; lastKnownFileType = text.xcconfig; name = "Pods-NanameueTests.debug.xcconfig"; path = "Target Support Files/Pods-NanameueTests/Pods-NanameueTests.debug.xcconfig"; sourceTree = "<group>"; };
		A31094F3F9131696A0B0C30C /* Pods_NanameueTests.framework */ = {isa = PBXFileReference; explicitFileType = wrapper.framework; includeInIndex = 0; path = Pods_NanameueTests.framework; sourceTree = BUILT_PRODUCTS_DIR; };
/* End PBXFileReference section */

/* Begin PBXFrameworksBuildPhase section */
		5972866728BCD29B004B721E /* Frameworks */ = {
			isa = PBXFrameworksBuildPhase;
			buildActionMask = 2147483647;
			files = (
				A3F49BBAC4C89A6BE72DC519 /* Pods_Nanameue.framework in Frameworks */,
			);
			runOnlyForDeploymentPostprocessing = 0;
		};
		5972867D28BCD29D004B721E /* Frameworks */ = {
			isa = PBXFrameworksBuildPhase;
			buildActionMask = 2147483647;
			files = (
				E2825674AD417AC16C4544F3 /* Pods_NanameueTests.framework in Frameworks */,
			);
			runOnlyForDeploymentPostprocessing = 0;
		};
/* End PBXFrameworksBuildPhase section */

/* Begin PBXGroup section */
		3D294F071965911FA7F0BBCD /* Frameworks */ = {
			isa = PBXGroup;
			children = (
				017C7C68E0CC5A1447EE1515 /* Pods_Nanameue.framework */,
				A31094F3F9131696A0B0C30C /* Pods_NanameueTests.framework */,
			);
			name = Frameworks;
			sourceTree = "<group>";
		};
		5972866128BCD29B004B721E = {
			isa = PBXGroup;
			children = (
				59E3A1C428BE87BF00EF4F20 /* Localizable.strings */,
				5990376C28BD465A000D1667 /* swiftlint.yml */,
				5991CBDD28C265C300CFA211 /* GoogleService-Info.plist */,
				5972866C28BCD29B004B721E /* Nanameue */,
				5972868328BCD29D004B721E /* NanameueTests */,
				5972866B28BCD29B004B721E /* Products */,
				8BDA026EB2FABC49574015B8 /* Pods */,
				3D294F071965911FA7F0BBCD /* Frameworks */,
			);
			sourceTree = "<group>";
		};
		5972866B28BCD29B004B721E /* Products */ = {
			isa = PBXGroup;
			children = (
				5972866A28BCD29B004B721E /* Nanameue.app */,
				5972868028BCD29D004B721E /* NanameueTests.xctest */,
			);
			name = Products;
			sourceTree = "<group>";
		};
		5972866C28BCD29B004B721E /* Nanameue */ = {
			isa = PBXGroup;
			children = (
				59FAFFE128C4CB27002AC5D7 /* AssetsHelper */,
				59FAFFD328C4BACD002AC5D7 /* Error */,
				5991CBEC28C48EA100CFA211 /* Extension */,
				5991CBEB28C48E9100CFA211 /* UI */,
				597F127B28C12FCE00379B95 /* PostProvider */,
				59975B8F28BFE84D00773388 /* Feed */,
				59975B8A28BFE25B00773388 /* Model */,
				59E3A1DA28BEAD0900EF4F20 /* ViewProvider */,
				59E3A1D028BE993400EF4F20 /* LoginProvider */,
				59E3A1B828BE840800EF4F20 /* Login */,
				5972866D28BCD29B004B721E /* AppDelegate.swift */,
				5972866F28BCD29B004B721E /* SceneDelegate.swift */,
				5972867328BCD29B004B721E /* Main.storyboard */,
				5972867628BCD29D004B721E /* Assets.xcassets */,
				5972867828BCD29D004B721E /* LaunchScreen.storyboard */,
				5972867B28BCD29D004B721E /* Info.plist */,
			);
			path = Nanameue;
			sourceTree = "<group>";
		};
		5972868328BCD29D004B721E /* NanameueTests */ = {
			isa = PBXGroup;
			children = (
				59FAFFDE28C4C7B8002AC5D7 /* Error */,
				59FAFFCE28C4AE28002AC5D7 /* CellTests */,
				59975B9428BFF4B600773388 /* Feed */,
				59E3A1D728BEA82B00EF4F20 /* Mock */,
				59E3A1CA28BE8B2300EF4F20 /* Login */,
				5972868428BCD29D004B721E /* NanameueTests.swift */,
				59E3A1DD28BEAE7D00EF4F20 /* ViewProviderTests.swift */,
			);
			path = NanameueTests;
			sourceTree = "<group>";
		};
		597F127B28C12FCE00379B95 /* PostProvider */ = {
			isa = PBXGroup;
			children = (
				597F127C28C1300300379B95 /* PostProvider.swift */,
				597F128028C130A600379B95 /* PostProviderController.swift */,
			);
			path = PostProvider;
			sourceTree = "<group>";
		};
		5991CBDF28C2932B00CFA211 /* CreatePost */ = {
			isa = PBXGroup;
			children = (
				5991CBE028C2934400CFA211 /* CreatePostViewController.swift */,
				5991CBE128C2934400CFA211 /* CreatePostViewController.xib */,
			);
			path = CreatePost;
			sourceTree = "<group>";
		};
		5991CBE428C34B7A00CFA211 /* CreatePost */ = {
			isa = PBXGroup;
			children = (
				5991CBE528C34B9000CFA211 /* CreatePostViewControllerTests.swift */,
			);
			path = CreatePost;
			sourceTree = "<group>";
		};
		5991CBEB28C48E9100CFA211 /* UI */ = {
			isa = PBXGroup;
			children = (
				59E3A1D528BE9FFE00EF4F20 /* ShakableTextField.swift */,
				5991CBF628C49F2C00CFA211 /* IdentifiableCell.swift */,
				59FAFFE628C4F41E002AC5D7 /* UIAnimatedButton.swift */,
			);
			path = UI;
			sourceTree = "<group>";
		};
		5991CBEC28C48EA100CFA211 /* Extension */ = {
			isa = PBXGroup;
			children = (
				59E3A1C828BE88EB00EF4F20 /* String+extensions.swift */,
				5991CBE728C3749900CFA211 /* ViewController+extension.swift */,
				59FAFFDC28C4BE64002AC5D7 /* Notifications+Extensions.swift */,
			);
			path = Extension;
			sourceTree = "<group>";
		};
		59975B8A28BFE25B00773388 /* Model */ = {
			isa = PBXGroup;
			children = (
				59975B8B28BFE26D00773388 /* User.swift */,
				59975B8D28BFE3EF00773388 /* CustomError.swift */,
				597F127E28C1306000379B95 /* Post.swift */,
			);
			path = Model;
			sourceTree = "<group>";
		};
		59975B8F28BFE84D00773388 /* Feed */ = {
			isa = PBXGroup;
			children = (
				5991CBDF28C2932B00CFA211 /* CreatePost */,
				59975B9028BFE86700773388 /* FeedViewController.swift */,
				59975B9128BFE86700773388 /* FeedViewController.xib */,
				5991CBF228C4989F00CFA211 /* PostTableViewCell.swift */,
				5991CBF328C4989F00CFA211 /* PostTableViewCell.xib */,
			);
			path = Feed;
			sourceTree = "<group>";
		};
		59975B9428BFF4B600773388 /* Feed */ = {
			isa = PBXGroup;
			children = (
				5991CBE428C34B7A00CFA211 /* CreatePost */,
				59975B9528BFF4CD00773388 /* FeedViewControllerTest.swift */,
			);
			path = Feed;
			sourceTree = "<group>";
		};
		59E3A1B828BE840800EF4F20 /* Login */ = {
			isa = PBXGroup;
			children = (
				59E3A1BB28BE848C00EF4F20 /* LoginViewController.swift */,
				59E3A1BC28BE848C00EF4F20 /* LoginViewController.xib */,
				59E3A1DF28BEB13900EF4F20 /* CreateAccountViewController.swift */,
				59E3A1E028BEB13900EF4F20 /* CreateAccountViewController.xib */,
			);
			path = Login;
			sourceTree = "<group>";
		};
		59E3A1CA28BE8B2300EF4F20 /* Login */ = {
			isa = PBXGroup;
			children = (
				59E3A1CB28BE8B3900EF4F20 /* LoginViewControllerTests.swift */,
				59E3A1CE28BE939200EF4F20 /* String+extensionsTests.swift */,
				59E3A1E328BEB62100EF4F20 /* CreateAccountViewControllerTests.swift */,
			);
			path = Login;
			sourceTree = "<group>";
		};
		59E3A1D028BE993400EF4F20 /* LoginProvider */ = {
			isa = PBXGroup;
			children = (
				59E3A1D128BE995F00EF4F20 /* LoginProvider.swift */,
				59E3A1D328BE99BE00EF4F20 /* LoginProviderController.swift */,
			);
			path = LoginProvider;
			sourceTree = "<group>";
		};
		59E3A1D728BEA82B00EF4F20 /* Mock */ = {
			isa = PBXGroup;
			children = (
				59E3A1D828BEA84600EF4F20 /* LoginProviderMock.swift */,
				5991CBED28C48F8E00CFA211 /* PostProviderMock.swift */,
			);
			path = Mock;
			sourceTree = "<group>";
		};
		59E3A1DA28BEAD0900EF4F20 /* ViewProvider */ = {
			isa = PBXGroup;
			children = (
				59E3A1DB28BEAD1A00EF4F20 /* ViewProvider.swift */,
			);
			path = ViewProvider;
			sourceTree = "<group>";
		};
		59FAFFCE28C4AE28002AC5D7 /* CellTests */ = {
			isa = PBXGroup;
			children = (
				59FAFFCF28C4AE41002AC5D7 /* TableViewControllerTest.swift */,
				59FAFFD128C4AE94002AC5D7 /* PostTableViewCellTests.swift */,
			);
			path = CellTests;
			sourceTree = "<group>";
		};
		59FAFFD328C4BACD002AC5D7 /* Error */ = {
			isa = PBXGroup;
			children = (
				59FAFFD628C4BAF4002AC5D7 /* ErrorViewController.swift */,
				59FAFFD728C4BAF4002AC5D7 /* ErrorViewController.xib */,
				59FAFFDA28C4BD05002AC5D7 /* ErrorManager.swift */,
			);
			path = Error;
			sourceTree = "<group>";
		};
		59FAFFDE28C4C7B8002AC5D7 /* Error */ = {
			isa = PBXGroup;
			children = (
				59FAFFDF28C4C7C7002AC5D7 /* ErrorViewControllerTest.swift */,
			);
			path = Error;
			sourceTree = "<group>";
		};
		59FAFFE128C4CB27002AC5D7 /* AssetsHelper */ = {
			isa = PBXGroup;
			children = (
				59FAFFE228C4CB45002AC5D7 /* Assets.swift */,
			);
			path = AssetsHelper;
			sourceTree = "<group>";
		};
		8BDA026EB2FABC49574015B8 /* Pods */ = {
			isa = PBXGroup;
			children = (
				4C7A754705931A62E0C5B278 /* Pods-Nanameue.debug.xcconfig */,
				7189B058481754EEBAC7C9C3 /* Pods-Nanameue.release.xcconfig */,
				965804952C0FE73B158FE220 /* Pods-NanameueTests.debug.xcconfig */,
				742BFB4B953A63EE32BA9CCF /* Pods-NanameueTests.release.xcconfig */,
			);
			path = Pods;
			sourceTree = "<group>";
		};
/* End PBXGroup section */

/* Begin PBXNativeTarget section */
		5972866928BCD29B004B721E /* Nanameue */ = {
			isa = PBXNativeTarget;
			buildConfigurationList = 5972869428BCD29D004B721E /* Build configuration list for PBXNativeTarget "Nanameue" */;
			buildPhases = (
				DD2FE9500AE1007905228CDE /* [CP] Check Pods Manifest.lock */,
				5990376E28BD4690000D1667 /* Lint sources */,
				5972866628BCD29B004B721E /* Sources */,
				5972866728BCD29B004B721E /* Frameworks */,
				5972866828BCD29B004B721E /* Resources */,
				A3D29535ED431989D7F3C8B0 /* [CP] Embed Pods Frameworks */,
			);
			buildRules = (
			);
			dependencies = (
			);
			name = Nanameue;
			productName = Nanameue;
			productReference = 5972866A28BCD29B004B721E /* Nanameue.app */;
			productType = "com.apple.product-type.application";
		};
		5972867F28BCD29D004B721E /* NanameueTests */ = {
			isa = PBXNativeTarget;
			buildConfigurationList = 5972869728BCD29D004B721E /* Build configuration list for PBXNativeTarget "NanameueTests" */;
			buildPhases = (
				D56B640CDCE31CDEAE382A5A /* [CP] Check Pods Manifest.lock */,
				5972867C28BCD29D004B721E /* Sources */,
				5972867D28BCD29D004B721E /* Frameworks */,
				5972867E28BCD29D004B721E /* Resources */,
				87A91032D84696EB534699E1 /* [CP] Embed Pods Frameworks */,
			);
			buildRules = (
			);
			dependencies = (
				5972868228BCD29D004B721E /* PBXTargetDependency */,
			);
			name = NanameueTests;
			productName = NanameueTests;
			productReference = 5972868028BCD29D004B721E /* NanameueTests.xctest */;
			productType = "com.apple.product-type.bundle.unit-test";
		};
/* End PBXNativeTarget section */

/* Begin PBXProject section */
		5972866228BCD29B004B721E /* Project object */ = {
			isa = PBXProject;
			attributes = {
				BuildIndependentTargetsInParallel = 1;
				LastSwiftUpdateCheck = 1340;
				LastUpgradeCheck = 1340;
				TargetAttributes = {
					5972866928BCD29B004B721E = {
						CreatedOnToolsVersion = 13.4.1;
					};
					5972867F28BCD29D004B721E = {
						CreatedOnToolsVersion = 13.4.1;
						TestTargetID = 5972866928BCD29B004B721E;
					};
				};
			};
			buildConfigurationList = 5972866528BCD29B004B721E /* Build configuration list for PBXProject "Nanameue" */;
			compatibilityVersion = "Xcode 13.0";
			developmentRegion = en;
			hasScannedForEncodings = 0;
			knownRegions = (
				en,
				Base,
				"en-GB",
			);
			mainGroup = 5972866128BCD29B004B721E;
			productRefGroup = 5972866B28BCD29B004B721E /* Products */;
			projectDirPath = "";
			projectRoot = "";
			targets = (
				5972866928BCD29B004B721E /* Nanameue */,
				5972867F28BCD29D004B721E /* NanameueTests */,
			);
		};
/* End PBXProject section */

/* Begin PBXResourcesBuildPhase section */
		5972866828BCD29B004B721E /* Resources */ = {
			isa = PBXResourcesBuildPhase;
			buildActionMask = 2147483647;
			files = (
				5991CBDE28C265C300CFA211 /* GoogleService-Info.plist in Resources */,
				59E3A1E228BEB13900EF4F20 /* CreateAccountViewController.xib in Resources */,
				5991CBF528C4989F00CFA211 /* PostTableViewCell.xib in Resources */,
				5972867A28BCD29D004B721E /* LaunchScreen.storyboard in Resources */,
				5990376D28BD465A000D1667 /* swiftlint.yml in Resources */,
				59E3A1BE28BE848C00EF4F20 /* LoginViewController.xib in Resources */,
				59975B9328BFE86700773388 /* FeedViewController.xib in Resources */,
				5991CBE328C2934400CFA211 /* CreatePostViewController.xib in Resources */,
				59E3A1C528BE87BF00EF4F20 /* Localizable.strings in Resources */,
				59FAFFD928C4BAF4002AC5D7 /* ErrorViewController.xib in Resources */,
				5972867728BCD29D004B721E /* Assets.xcassets in Resources */,
				5972867528BCD29B004B721E /* Main.storyboard in Resources */,
			);
			runOnlyForDeploymentPostprocessing = 0;
		};
		5972867E28BCD29D004B721E /* Resources */ = {
			isa = PBXResourcesBuildPhase;
			buildActionMask = 2147483647;
			files = (
			);
			runOnlyForDeploymentPostprocessing = 0;
		};
/* End PBXResourcesBuildPhase section */

/* Begin PBXShellScriptBuildPhase section */
		5990376E28BD4690000D1667 /* Lint sources */ = {
			isa = PBXShellScriptBuildPhase;
			alwaysOutOfDate = 1;
			buildActionMask = 2147483647;
			files = (
			);
			inputFileListPaths = (
			);
			inputPaths = (
			);
			name = "Lint sources";
			outputFileListPaths = (
			);
			outputPaths = (
			);
			runOnlyForDeploymentPostprocessing = 0;
			shellPath = /bin/sh;
			shellScript = "\ncd ${PROJECT_DIR}/Nanameue\n${PODS_ROOT}/SwiftLint/swiftlint autocorrect\n${PODS_ROOT}/SwiftLint/swiftlint --config ${PROJECT_DIR}/swiftlint.yml\n";
			showEnvVarsInLog = 0;
		};
		87A91032D84696EB534699E1 /* [CP] Embed Pods Frameworks */ = {
			isa = PBXShellScriptBuildPhase;
			buildActionMask = 2147483647;
			files = (
			);
			inputFileListPaths = (
				"${PODS_ROOT}/Target Support Files/Pods-NanameueTests/Pods-NanameueTests-frameworks-${CONFIGURATION}-input-files.xcfilelist",
			);
			name = "[CP] Embed Pods Frameworks";
			outputFileListPaths = (
				"${PODS_ROOT}/Target Support Files/Pods-NanameueTests/Pods-NanameueTests-frameworks-${CONFIGURATION}-output-files.xcfilelist",
			);
			runOnlyForDeploymentPostprocessing = 0;
			shellPath = /bin/sh;
			shellScript = "\"${PODS_ROOT}/Target Support Files/Pods-NanameueTests/Pods-NanameueTests-frameworks.sh\"\n";
			showEnvVarsInLog = 0;
		};
		A3D29535ED431989D7F3C8B0 /* [CP] Embed Pods Frameworks */ = {
			isa = PBXShellScriptBuildPhase;
			buildActionMask = 2147483647;
			files = (
			);
			inputFileListPaths = (
				"${PODS_ROOT}/Target Support Files/Pods-Nanameue/Pods-Nanameue-frameworks-${CONFIGURATION}-input-files.xcfilelist",
			);
			name = "[CP] Embed Pods Frameworks";
			outputFileListPaths = (
				"${PODS_ROOT}/Target Support Files/Pods-Nanameue/Pods-Nanameue-frameworks-${CONFIGURATION}-output-files.xcfilelist",
			);
			runOnlyForDeploymentPostprocessing = 0;
			shellPath = /bin/sh;
			shellScript = "\"${PODS_ROOT}/Target Support Files/Pods-Nanameue/Pods-Nanameue-frameworks.sh\"\n";
			showEnvVarsInLog = 0;
		};
		D56B640CDCE31CDEAE382A5A /* [CP] Check Pods Manifest.lock */ = {
			isa = PBXShellScriptBuildPhase;
			buildActionMask = 2147483647;
			files = (
			);
			inputFileListPaths = (
			);
			inputPaths = (
				"${PODS_PODFILE_DIR_PATH}/Podfile.lock",
				"${PODS_ROOT}/Manifest.lock",
			);
			name = "[CP] Check Pods Manifest.lock";
			outputFileListPaths = (
			);
			outputPaths = (
				"$(DERIVED_FILE_DIR)/Pods-NanameueTests-checkManifestLockResult.txt",
			);
			runOnlyForDeploymentPostprocessing = 0;
			shellPath = /bin/sh;
			shellScript = "diff \"${PODS_PODFILE_DIR_PATH}/Podfile.lock\" \"${PODS_ROOT}/Manifest.lock\" > /dev/null\nif [ $? != 0 ] ; then\n    # print error to STDERR\n    echo \"error: The sandbox is not in sync with the Podfile.lock. Run 'pod install' or update your CocoaPods installation.\" >&2\n    exit 1\nfi\n# This output is used by Xcode 'outputs' to avoid re-running this script phase.\necho \"SUCCESS\" > \"${SCRIPT_OUTPUT_FILE_0}\"\n";
			showEnvVarsInLog = 0;
		};
		DD2FE9500AE1007905228CDE /* [CP] Check Pods Manifest.lock */ = {
			isa = PBXShellScriptBuildPhase;
			buildActionMask = 2147483647;
			files = (
			);
			inputFileListPaths = (
			);
			inputPaths = (
				"${PODS_PODFILE_DIR_PATH}/Podfile.lock",
				"${PODS_ROOT}/Manifest.lock",
			);
			name = "[CP] Check Pods Manifest.lock";
			outputFileListPaths = (
			);
			outputPaths = (
				"$(DERIVED_FILE_DIR)/Pods-Nanameue-checkManifestLockResult.txt",
			);
			runOnlyForDeploymentPostprocessing = 0;
			shellPath = /bin/sh;
			shellScript = "diff \"${PODS_PODFILE_DIR_PATH}/Podfile.lock\" \"${PODS_ROOT}/Manifest.lock\" > /dev/null\nif [ $? != 0 ] ; then\n    # print error to STDERR\n    echo \"error: The sandbox is not in sync with the Podfile.lock. Run 'pod install' or update your CocoaPods installation.\" >&2\n    exit 1\nfi\n# This output is used by Xcode 'outputs' to avoid re-running this script phase.\necho \"SUCCESS\" > \"${SCRIPT_OUTPUT_FILE_0}\"\n";
			showEnvVarsInLog = 0;
		};
/* End PBXShellScriptBuildPhase section */

/* Begin PBXSourcesBuildPhase section */
		5972866628BCD29B004B721E /* Sources */ = {
			isa = PBXSourcesBuildPhase;
			buildActionMask = 2147483647;
			files = (
				59E3A1C928BE88EB00EF4F20 /* String+extensions.swift in Sources */,
				5991CBF728C49F2C00CFA211 /* IdentifiableCell.swift in Sources */,
				59E3A1D228BE995F00EF4F20 /* LoginProvider.swift in Sources */,
				5991CBE228C2934400CFA211 /* CreatePostViewController.swift in Sources */,
				59FAFFDB28C4BD05002AC5D7 /* ErrorManager.swift in Sources */,
				59E3A1BD28BE848C00EF4F20 /* LoginViewController.swift in Sources */,
				59E3A1DC28BEAD1A00EF4F20 /* ViewProvider.swift in Sources */,
				5991CBF428C4989F00CFA211 /* PostTableViewCell.swift in Sources */,
				59FAFFD828C4BAF4002AC5D7 /* ErrorViewController.swift in Sources */,
				5991CBE828C3749900CFA211 /* ViewController+extension.swift in Sources */,
				59E3A1D628BE9FFE00EF4F20 /* ShakableTextField.swift in Sources */,
				597F128128C130A600379B95 /* PostProviderController.swift in Sources */,
				59FAFFDD28C4BE64002AC5D7 /* Notifications+Extensions.swift in Sources */,
				59FAFFE328C4CB45002AC5D7 /* Assets.swift in Sources */,
				59FAFFE728C4F41E002AC5D7 /* UIAnimatedButton.swift in Sources */,
				597F127F28C1306000379B95 /* Post.swift in Sources */,
				5972866E28BCD29B004B721E /* AppDelegate.swift in Sources */,
				59E3A1E128BEB13900EF4F20 /* CreateAccountViewController.swift in Sources */,
				59975B8E28BFE3EF00773388 /* CustomError.swift in Sources */,
				59E3A1D428BE99BE00EF4F20 /* LoginProviderController.swift in Sources */,
				59975B8C28BFE26D00773388 /* User.swift in Sources */,
				59975B9228BFE86700773388 /* FeedViewController.swift in Sources */,
				5972867028BCD29B004B721E /* SceneDelegate.swift in Sources */,
				597F127D28C1300300379B95 /* PostProvider.swift in Sources */,
			);
			runOnlyForDeploymentPostprocessing = 0;
		};
		5972867C28BCD29D004B721E /* Sources */ = {
			isa = PBXSourcesBuildPhase;
			buildActionMask = 2147483647;
			files = (
				59E3A1E428BEB62100EF4F20 /* CreateAccountViewControllerTests.swift in Sources */,
				59E3A1D928BEA84600EF4F20 /* LoginProviderMock.swift in Sources */,
				5991CBE628C34B9000CFA211 /* CreatePostViewControllerTests.swift in Sources */,
				5991CBEE28C48F8E00CFA211 /* PostProviderMock.swift in Sources */,
				59975B9628BFF4CD00773388 /* FeedViewControllerTest.swift in Sources */,
				59E3A1CC28BE8B3900EF4F20 /* LoginViewControllerTests.swift in Sources */,
				59E3A1DE28BEAE7D00EF4F20 /* ViewProviderTests.swift in Sources */,
				59E3A1CF28BE939200EF4F20 /* String+extensionsTests.swift in Sources */,
				59FAFFD228C4AE94002AC5D7 /* PostTableViewCellTests.swift in Sources */,
				59FAFFE028C4C7C7002AC5D7 /* ErrorViewControllerTest.swift in Sources */,
				5972868528BCD29D004B721E /* NanameueTests.swift in Sources */,
				59FAFFD028C4AE41002AC5D7 /* TableViewControllerTest.swift in Sources */,
			);
			runOnlyForDeploymentPostprocessing = 0;
		};
/* End PBXSourcesBuildPhase section */

/* Begin PBXTargetDependency section */
		5972868228BCD29D004B721E /* PBXTargetDependency */ = {
			isa = PBXTargetDependency;
			target = 5972866928BCD29B004B721E /* Nanameue */;
			targetProxy = 5972868128BCD29D004B721E /* PBXContainerItemProxy */;
		};
/* End PBXTargetDependency section */

/* Begin PBXVariantGroup section */
		5972867328BCD29B004B721E /* Main.storyboard */ = {
			isa = PBXVariantGroup;
			children = (
				5972867428BCD29B004B721E /* Base */,
				59E3A1C628BE87E500EF4F20 /* en-GB */,
			);
			name = Main.storyboard;
			sourceTree = "<group>";
		};
		5972867828BCD29D004B721E /* LaunchScreen.storyboard */ = {
			isa = PBXVariantGroup;
			children = (
				5972867928BCD29D004B721E /* Base */,
				59E3A1C728BE87E600EF4F20 /* en-GB */,
			);
			name = LaunchScreen.storyboard;
			sourceTree = "<group>";
		};
/* End PBXVariantGroup section */

/* Begin XCBuildConfiguration section */
		5972869228BCD29D004B721E /* Debug */ = {
			isa = XCBuildConfiguration;
			buildSettings = {
				ALWAYS_SEARCH_USER_PATHS = NO;
				CLANG_ANALYZER_LOCALIZABILITY_NONLOCALIZED = YES;
				CLANG_ANALYZER_NONNULL = YES;
				CLANG_ANALYZER_NUMBER_OBJECT_CONVERSION = YES_AGGRESSIVE;
				CLANG_CXX_LANGUAGE_STANDARD = "gnu++17";
				CLANG_ENABLE_MODULES = YES;
				CLANG_ENABLE_OBJC_ARC = YES;
				CLANG_ENABLE_OBJC_WEAK = YES;
				CLANG_WARN_BLOCK_CAPTURE_AUTORELEASING = YES;
				CLANG_WARN_BOOL_CONVERSION = YES;
				CLANG_WARN_COMMA = YES;
				CLANG_WARN_CONSTANT_CONVERSION = YES;
				CLANG_WARN_DEPRECATED_OBJC_IMPLEMENTATIONS = YES;
				CLANG_WARN_DIRECT_OBJC_ISA_USAGE = YES_ERROR;
				CLANG_WARN_DOCUMENTATION_COMMENTS = YES;
				CLANG_WARN_EMPTY_BODY = YES;
				CLANG_WARN_ENUM_CONVERSION = YES;
				CLANG_WARN_INFINITE_RECURSION = YES;
				CLANG_WARN_INT_CONVERSION = YES;
				CLANG_WARN_NON_LITERAL_NULL_CONVERSION = YES;
				CLANG_WARN_OBJC_IMPLICIT_RETAIN_SELF = YES;
				CLANG_WARN_OBJC_LITERAL_CONVERSION = YES;
				CLANG_WARN_OBJC_ROOT_CLASS = YES_ERROR;
				CLANG_WARN_QUOTED_INCLUDE_IN_FRAMEWORK_HEADER = YES;
				CLANG_WARN_RANGE_LOOP_ANALYSIS = YES;
				CLANG_WARN_STRICT_PROTOTYPES = YES;
				CLANG_WARN_SUSPICIOUS_MOVE = YES;
				CLANG_WARN_UNGUARDED_AVAILABILITY = YES_AGGRESSIVE;
				CLANG_WARN_UNREACHABLE_CODE = YES;
				CLANG_WARN__DUPLICATE_METHOD_MATCH = YES;
				COPY_PHASE_STRIP = NO;
				DEBUG_INFORMATION_FORMAT = dwarf;
				ENABLE_STRICT_OBJC_MSGSEND = YES;
				ENABLE_TESTABILITY = YES;
				GCC_C_LANGUAGE_STANDARD = gnu11;
				GCC_DYNAMIC_NO_PIC = NO;
				GCC_NO_COMMON_BLOCKS = YES;
				GCC_OPTIMIZATION_LEVEL = 0;
				GCC_PREPROCESSOR_DEFINITIONS = (
					"DEBUG=1",
					"$(inherited)",
				);
				GCC_WARN_64_TO_32_BIT_CONVERSION = YES;
				GCC_WARN_ABOUT_RETURN_TYPE = YES_ERROR;
				GCC_WARN_UNDECLARED_SELECTOR = YES;
				GCC_WARN_UNINITIALIZED_AUTOS = YES_AGGRESSIVE;
				GCC_WARN_UNUSED_FUNCTION = YES;
				GCC_WARN_UNUSED_VARIABLE = YES;
				INFOPLIST_KEY_UISupportedInterfaceOrientations = UIInterfaceOrientationPortrait;
				INFOPLIST_KEY_UISupportedInterfaceOrientations_iPhone = UIInterfaceOrientationPortrait;
				IPHONEOS_DEPLOYMENT_TARGET = 15.5;
				MTL_ENABLE_DEBUG_INFO = INCLUDE_SOURCE;
				MTL_FAST_MATH = YES;
				ONLY_ACTIVE_ARCH = YES;
				SDKROOT = iphoneos;
				SWIFT_ACTIVE_COMPILATION_CONDITIONS = DEBUG;
				SWIFT_OPTIMIZATION_LEVEL = "-Onone";
			};
			name = Debug;
		};
		5972869328BCD29D004B721E /* Release */ = {
			isa = XCBuildConfiguration;
			buildSettings = {
				ALWAYS_SEARCH_USER_PATHS = NO;
				CLANG_ANALYZER_LOCALIZABILITY_NONLOCALIZED = YES;
				CLANG_ANALYZER_NONNULL = YES;
				CLANG_ANALYZER_NUMBER_OBJECT_CONVERSION = YES_AGGRESSIVE;
				CLANG_CXX_LANGUAGE_STANDARD = "gnu++17";
				CLANG_ENABLE_MODULES = YES;
				CLANG_ENABLE_OBJC_ARC = YES;
				CLANG_ENABLE_OBJC_WEAK = YES;
				CLANG_WARN_BLOCK_CAPTURE_AUTORELEASING = YES;
				CLANG_WARN_BOOL_CONVERSION = YES;
				CLANG_WARN_COMMA = YES;
				CLANG_WARN_CONSTANT_CONVERSION = YES;
				CLANG_WARN_DEPRECATED_OBJC_IMPLEMENTATIONS = YES;
				CLANG_WARN_DIRECT_OBJC_ISA_USAGE = YES_ERROR;
				CLANG_WARN_DOCUMENTATION_COMMENTS = YES;
				CLANG_WARN_EMPTY_BODY = YES;
				CLANG_WARN_ENUM_CONVERSION = YES;
				CLANG_WARN_INFINITE_RECURSION = YES;
				CLANG_WARN_INT_CONVERSION = YES;
				CLANG_WARN_NON_LITERAL_NULL_CONVERSION = YES;
				CLANG_WARN_OBJC_IMPLICIT_RETAIN_SELF = YES;
				CLANG_WARN_OBJC_LITERAL_CONVERSION = YES;
				CLANG_WARN_OBJC_ROOT_CLASS = YES_ERROR;
				CLANG_WARN_QUOTED_INCLUDE_IN_FRAMEWORK_HEADER = YES;
				CLANG_WARN_RANGE_LOOP_ANALYSIS = YES;
				CLANG_WARN_STRICT_PROTOTYPES = YES;
				CLANG_WARN_SUSPICIOUS_MOVE = YES;
				CLANG_WARN_UNGUARDED_AVAILABILITY = YES_AGGRESSIVE;
				CLANG_WARN_UNREACHABLE_CODE = YES;
				CLANG_WARN__DUPLICATE_METHOD_MATCH = YES;
				COPY_PHASE_STRIP = NO;
				DEBUG_INFORMATION_FORMAT = "dwarf-with-dsym";
				ENABLE_NS_ASSERTIONS = NO;
				ENABLE_STRICT_OBJC_MSGSEND = YES;
				GCC_C_LANGUAGE_STANDARD = gnu11;
				GCC_NO_COMMON_BLOCKS = YES;
				GCC_WARN_64_TO_32_BIT_CONVERSION = YES;
				GCC_WARN_ABOUT_RETURN_TYPE = YES_ERROR;
				GCC_WARN_UNDECLARED_SELECTOR = YES;
				GCC_WARN_UNINITIALIZED_AUTOS = YES_AGGRESSIVE;
				GCC_WARN_UNUSED_FUNCTION = YES;
				GCC_WARN_UNUSED_VARIABLE = YES;
				INFOPLIST_KEY_UISupportedInterfaceOrientations = UIInterfaceOrientationPortrait;
				INFOPLIST_KEY_UISupportedInterfaceOrientations_iPhone = UIInterfaceOrientationPortrait;
				IPHONEOS_DEPLOYMENT_TARGET = 15.5;
				MTL_ENABLE_DEBUG_INFO = NO;
				MTL_FAST_MATH = YES;
				SDKROOT = iphoneos;
				SWIFT_COMPILATION_MODE = wholemodule;
				SWIFT_OPTIMIZATION_LEVEL = "-O";
				VALIDATE_PRODUCT = YES;
			};
			name = Release;
		};
		5972869528BCD29D004B721E /* Debug */ = {
			isa = XCBuildConfiguration;
			baseConfigurationReference = 4C7A754705931A62E0C5B278 /* Pods-Nanameue.debug.xcconfig */;
			buildSettings = {
				ASSETCATALOG_COMPILER_APPICON_NAME = AppIcon;
				ASSETCATALOG_COMPILER_GLOBAL_ACCENT_COLOR_NAME = AccentColor;
				CODE_SIGN_STYLE = Automatic;
				CURRENT_PROJECT_VERSION = 1;
				DEVELOPMENT_TEAM = 2C69642RJ3;
				GENERATE_INFOPLIST_FILE = YES;
				INFOPLIST_FILE = Nanameue/Info.plist;
				INFOPLIST_KEY_NSPhotoLibraryUsageDescription = "For sharing your thoughts !";
				INFOPLIST_KEY_UIApplicationSupportsIndirectInputEvents = YES;
				INFOPLIST_KEY_UILaunchStoryboardName = LaunchScreen;
				INFOPLIST_KEY_UIMainStoryboardFile = Main;
				INFOPLIST_KEY_UISupportedInterfaceOrientations = UIInterfaceOrientationPortrait;
				INFOPLIST_KEY_UISupportedInterfaceOrientations_iPad = "UIInterfaceOrientationPortrait UIInterfaceOrientationPortraitUpsideDown UIInterfaceOrientationLandscapeLeft UIInterfaceOrientationLandscapeRight";
				INFOPLIST_KEY_UISupportedInterfaceOrientations_iPhone = "UIInterfaceOrientationPortrait UIInterfaceOrientationLandscapeLeft UIInterfaceOrientationLandscapeRight";
				LD_RUNPATH_SEARCH_PATHS = (
					"$(inherited)",
					"@executable_path/Frameworks",
				);
				MARKETING_VERSION = 1.0;
				PRODUCT_BUNDLE_IDENTIFIER = me.Nanameue;
				PRODUCT_NAME = "$(TARGET_NAME)";
				SWIFT_EMIT_LOC_STRINGS = YES;
				SWIFT_VERSION = 5.0;
				TARGETED_DEVICE_FAMILY = 1;
			};
			name = Debug;
		};
		5972869628BCD29D004B721E /* Release */ = {
			isa = XCBuildConfiguration;
			baseConfigurationReference = 7189B058481754EEBAC7C9C3 /* Pods-Nanameue.release.xcconfig */;
			buildSettings = {
				ASSETCATALOG_COMPILER_APPICON_NAME = AppIcon;
				ASSETCATALOG_COMPILER_GLOBAL_ACCENT_COLOR_NAME = AccentColor;
				CODE_SIGN_STYLE = Automatic;
				CURRENT_PROJECT_VERSION = 1;
				DEVELOPMENT_TEAM = 2C69642RJ3;
				GENERATE_INFOPLIST_FILE = YES;
				INFOPLIST_FILE = Nanameue/Info.plist;
				INFOPLIST_KEY_NSPhotoLibraryUsageDescription = "For sharing your thoughts !";
				INFOPLIST_KEY_UIApplicationSupportsIndirectInputEvents = YES;
				INFOPLIST_KEY_UILaunchStoryboardName = LaunchScreen;
				INFOPLIST_KEY_UIMainStoryboardFile = Main;
				INFOPLIST_KEY_UISupportedInterfaceOrientations = UIInterfaceOrientationPortrait;
				INFOPLIST_KEY_UISupportedInterfaceOrientations_iPad = "UIInterfaceOrientationPortrait UIInterfaceOrientationPortraitUpsideDown UIInterfaceOrientationLandscapeLeft UIInterfaceOrientationLandscapeRight";
				INFOPLIST_KEY_UISupportedInterfaceOrientations_iPhone = "UIInterfaceOrientationPortrait UIInterfaceOrientationLandscapeLeft UIInterfaceOrientationLandscapeRight";
				LD_RUNPATH_SEARCH_PATHS = (
					"$(inherited)",
					"@executable_path/Frameworks",
				);
				MARKETING_VERSION = 1.0;
				PRODUCT_BUNDLE_IDENTIFIER = me.Nanameue;
				PRODUCT_NAME = "$(TARGET_NAME)";
				SWIFT_EMIT_LOC_STRINGS = YES;
				SWIFT_VERSION = 5.0;
				TARGETED_DEVICE_FAMILY = 1;
			};
			name = Release;
		};
		5972869828BCD29D004B721E /* Debug */ = {
			isa = XCBuildConfiguration;
			baseConfigurationReference = 965804952C0FE73B158FE220 /* Pods-NanameueTests.debug.xcconfig */;
			buildSettings = {
				ALWAYS_EMBED_SWIFT_STANDARD_LIBRARIES = YES;
				BUNDLE_LOADER = "$(TEST_HOST)";
				CODE_SIGN_STYLE = Automatic;
				CURRENT_PROJECT_VERSION = 1;
				DEVELOPMENT_TEAM = 2C69642RJ3;
				GENERATE_INFOPLIST_FILE = YES;
				IPHONEOS_DEPLOYMENT_TARGET = 15.5;
				MARKETING_VERSION = 1.0;
				PRODUCT_BUNDLE_IDENTIFIER = me.NanameueTests;
				PRODUCT_NAME = "$(TARGET_NAME)";
				SWIFT_EMIT_LOC_STRINGS = NO;
				SWIFT_VERSION = 5.0;
				TARGETED_DEVICE_FAMILY = "1,2";
				TEST_HOST = "$(BUILT_PRODUCTS_DIR)/Nanameue.app/Nanameue";
			};
			name = Debug;
		};
		5972869928BCD29D004B721E /* Release */ = {
			isa = XCBuildConfiguration;
			baseConfigurationReference = 742BFB4B953A63EE32BA9CCF /* Pods-NanameueTests.release.xcconfig */;
			buildSettings = {
				ALWAYS_EMBED_SWIFT_STANDARD_LIBRARIES = YES;
				BUNDLE_LOADER = "$(TEST_HOST)";
				CODE_SIGN_STYLE = Automatic;
				CURRENT_PROJECT_VERSION = 1;
				DEVELOPMENT_TEAM = 2C69642RJ3;
				GENERATE_INFOPLIST_FILE = YES;
				IPHONEOS_DEPLOYMENT_TARGET = 15.5;
				MARKETING_VERSION = 1.0;
				PRODUCT_BUNDLE_IDENTIFIER = me.NanameueTests;
				PRODUCT_NAME = "$(TARGET_NAME)";
				SWIFT_EMIT_LOC_STRINGS = NO;
				SWIFT_VERSION = 5.0;
				TARGETED_DEVICE_FAMILY = "1,2";
				TEST_HOST = "$(BUILT_PRODUCTS_DIR)/Nanameue.app/Nanameue";
			};
			name = Release;
		};
/* End XCBuildConfiguration section */

/* Begin XCConfigurationList section */
		5972866528BCD29B004B721E /* Build configuration list for PBXProject "Nanameue" */ = {
			isa = XCConfigurationList;
			buildConfigurations = (
				5972869228BCD29D004B721E /* Debug */,
				5972869328BCD29D004B721E /* Release */,
			);
			defaultConfigurationIsVisible = 0;
			defaultConfigurationName = Release;
		};
		5972869428BCD29D004B721E /* Build configuration list for PBXNativeTarget "Nanameue" */ = {
			isa = XCConfigurationList;
			buildConfigurations = (
				5972869528BCD29D004B721E /* Debug */,
				5972869628BCD29D004B721E /* Release */,
			);
			defaultConfigurationIsVisible = 0;
			defaultConfigurationName = Release;
		};
		5972869728BCD29D004B721E /* Build configuration list for PBXNativeTarget "NanameueTests" */ = {
			isa = XCConfigurationList;
			buildConfigurations = (
				5972869828BCD29D004B721E /* Debug */,
				5972869928BCD29D004B721E /* Release */,
			);
			defaultConfigurationIsVisible = 0;
			defaultConfigurationName = Release;
		};
/* End XCConfigurationList section */
	};
	rootObject = 5972866228BCD29B004B721E /* Project object */;
}
